
Microsoft Visual Studio Solution File, Format Version 12.00
Project("{FAE04EC0-301F-11D3-BF4B-00C04F79EFBC}") = "OdataExample", "OdataExample\OdataExample.csproj", "{DAE19F7E-1AEB-4246-BBB0-09010F88756A}"
EndProject
Global
	GlobalSection(SolutionConfigurationPlatforms) = preSolution
		Debug|Any CPU = Debug|Any CPU
		Release|Any CPU = Release|Any CPU
	EndGlobalSection
	GlobalSection(ProjectConfigurationPlatforms) = postSolution
		{DAE19F7E-1AEB-4246-BBB0-09010F88756A}.Debug|Any CPU.ActiveCfg = Debug|Any CPU
		{DAE19F7E-1AEB-4246-BBB0-09010F88756A}.Debug|Any CPU.Build.0 = Debug|Any CPU
		{DAE19F7E-1AEB-4246-BBB0-09010F88756A}.Release|Any CPU.ActiveCfg = Release|Any CPU
		{DAE19F7E-1AEB-4246-BBB0-09010F88756A}.Release|Any CPU.Build.0 = Release|Any CPU
	EndGlobalSection
EndGlobal
